<Solution>
  <Project Path="src/MDictUtils/MDictUtils.csproj" />
  <Project Path="src/MDictUtils.Cli/MDictUtils.Cli.csproj" />
  <Project Path="src/MDictUtils.Tests/MDictUtils.Tests.csproj" />
  <Project Path="src/MDictUtils.Creation/MDictUtils.Creation.csproj" />
  <Project Path="src/MDictUtils.Benchmark/MDictUtils.Benchmark.csproj" />
</Solution>
